// !$*UTF8*$!
{
	archiveVersion = 1;
	classes = {
	};
	objectVersion = 46;
	objects = {

/* Begin PBXBuildFile section */
		34D03A101E1F98B6005993A8 /* main.m in Sources */ = {isa = PBXBuildFile; fileRef = 34D03A0F1E1F98B6005993A8 /* main.m */; };
		34D03A131E1F98B6005993A8 /* AppDelegate.m in Sources */ = {isa = PBXBuildFile; fileRef = 34D03A121E1F98B6005993A8 /* AppDelegate.m */; };
		34D03A161E1F98B6005993A8 /* ViewController.m in Sources */ = {isa = PBXBuildFile; fileRef = 34D03A151E1F98B6005993A8 /* ViewController.m */; };
		34D03A191E1F98B6005993A8 /* Main.storyboard in Resources */ = {isa = PBXBuildFile; fileRef = 34D03A171E1F98B6005993A8 /* Main.storyboard */; };
		34D03A1B1E1F98B6005993A8 /* Assets.xcassets in Resources */ = {isa = PBXBuildFile; fileRef = 34D03A1A1E1F98B6005993A8 /* Assets.xcassets */; };
		34D03A1E1E1F98B6005993A8 /* LaunchScreen.storyboard in Resources */ = {isa = PBXBuildFile; fileRef = 34D03A1C1E1F98B6005993A8 /* LaunchScreen.storyboard */; };
		34D03A2A1E1F9A44005993A8 /* AYYFPSIndicator.m in Sources */ = {isa = PBXBuildFile; fileRef = 34D03A291E1F9A44005993A8 /* AYYFPSIndicator.m */; };
		34D03A441E235893005993A8 /* cicle_a.jpeg in Resources */ = {isa = PBXBuildFile; fileRef = 34D03A3E1E235893005993A8 /* cicle_a.jpeg */; };
		34D03A451E235893005993A8 /* cicle_b.jpeg in Resources */ = {isa = PBXBuildFile; fileRef = 34D03A3F1E235893005993A8 /* cicle_b.jpeg */; };
		34D03A461E235893005993A8 /* cicle_c.jpeg in Resources */ = {isa = PBXBuildFile; fileRef = 34D03A401E235893005993A8 /* cicle_c.jpeg */; };
		34D03A471E235893005993A8 /* cicle_d.jpeg in Resources */ = {isa = PBXBuildFile; fileRef = 34D03A411E235893005993A8 /* cicle_d.jpeg */; };
		34D03A481E235893005993A8 /* cicle_e.jpeg in Resources */ = {isa = PBXBuildFile; fileRef = 34D03A421E235893005993A8 /* cicle_e.jpeg */; };
		34D03A491E235893005993A8 /* cicle_f.jpeg in Resources */ = {isa = PBXBuildFile; fileRef = 34D03A431E235893005993A8 /* cicle_f.jpeg */; };
		34D03A4C1E235DD1005993A8 /* AYYSceneCell.m in Sources */ = {isa = PBXBuildFile; fileRef = 34D03A4B1E235DD1005993A8 /* AYYSceneCell.m */; };
/* End PBXBuildFile section */

/* Begin PBXFileReference section */
		34D03A0B1E1F98B6005993A8 /* AYYFPSIndicatorDemo.app */ = {isa = PBXFileReference; explicitFileType = wrapper.application; includeInIndex = 0; path = AYYFPSIndicatorDemo.app; sourceTree = BUILT_PRODUCTS_DIR; };
		34D03A0F1E1F98B6005993A8 /* main.m */ = {isa = PBXFileReference; lastKnownFileType = sourcecode.c.objc; path = main.m; sourceTree = "<group>"; };
		34D03A111E1F98B6005993A8 /* AppDelegate.h */ = {isa = PBXFileReference; lastKnownFileType = sourcecode.c.h; path = AppDelegate.h; sourceTree = "<group>"; };
		34D03A121E1F98B6005993A8 /* AppDelegate.m */ = {isa = PBXFileReference; lastKnownFileType = sourcecode.c.objc; path = AppDelegate.m; sourceTree = "<group>"; };
		34D03A141E1F98B6005993A8 /* ViewController.h */ = {isa = PBXFileReference; lastKnownFileType = sourcecode.c.h; path = ViewController.h; sourceTree = "<group>"; };
		34D03A151E1F98B6005993A8 /* ViewController.m */ = {isa = PBXFileReference; lastKnownFileType = sourcecode.c.objc; path = ViewController.m; sourceTree = "<group>"; };
		34D03A181E1F98B6005993A8 /* Base */ = {isa = PBXFileReference; lastKnownFileType = file.storyboard; name = Base; path = Base.lproj/Main.storyboard; sourceTree = "<group>"; };
		34D03A1A1E1F98B6005993A8 /* Assets.xcassets */ = {isa = PBXFileReference; lastKnownFileType = folder.assetcatalog; path = Assets.xcassets; sourceTree = "<group>"; };
		34D03A1D1E1F98B6005993A8 /* Base */ = {isa = PBXFileReference; lastKnownFileType = file.storyboard; name = Base; path = Base.lproj/LaunchScreen.storyboard; sourceTree = "<group>"; };
		34D03A1F1E1F98B6005993A8 /* Info.plist */ = {isa = PBXFileReference; lastKnownFileType = text.plist.xml; path = Info.plist; sourceTree = "<group>"; };
		34D03A281E1F9A44005993A8 /* AYYFPSIndicator.h */ = {isa = PBXFileReference; fileEncoding = 4; lastKnownFileType = sourcecode.c.h; path = AYYFPSIndicator.h; sourceTree = "<group>"; };
		34D03A291E1F9A44005993A8 /* AYYFPSIndicator.m */ = {isa = PBXFileReference; fileEncoding = 4; lastKnownFileType = sourcecode.c.objc; path = AYYFPSIndicator.m; sourceTree = "<group>"; };
		34D03A3E1E235893005993A8 /* cicle_a.jpeg */ = {isa = PBXFileReference; lastKnownFileType = image.jpeg; path = cicle_a.jpeg; sourceTree = "<group>"; };
		34D03A3F1E235893005993A8 /* cicle_b.jpeg */ = {isa = PBXFileReference; lastKnownFileType = image.jpeg; path = cicle_b.jpeg; sourceTree = "<group>"; };
		34D03A401E235893005993A8 /* cicle_c.jpeg */ = {isa = PBXFileReference; lastKnownFileType = image.jpeg; path = cicle_c.jpeg; sourceTree = "<group>"; };
		34D03A411E235893005993A8 /* cicle_d.jpeg */ = {isa = PBXFileReference; lastKnownFileType = image.jpeg; path = cicle_d.jpeg; sourceTree = "<group>"; };
		34D03A421E235893005993A8 /* cicle_e.jpeg */ = {isa = PBXFileReference; lastKnownFileType = image.jpeg; path = cicle_e.jpeg; sourceTree = "<group>"; };
		34D03A431E235893005993A8 /* cicle_f.jpeg */ = {isa = PBXFileReference; lastKnownFileType = image.jpeg; path = cicle_f.jpeg; sourceTree = "<group>"; };
		34D03A4A1E235DD1005993A8 /* AYYSceneCell.h */ = {isa = PBXFileReference; fileEncoding = 4; lastKnownFileType = sourcecode.c.h; path = AYYSceneCell.h; sourceTree = "<group>"; };
		34D03A4B1E235DD1005993A8 /* AYYSceneCell.m */ = {isa = PBXFileReference; fileEncoding = 4; lastKnownFileType = sourcecode.c.objc; path = AYYSceneCell.m; sourceTree = "<group>"; };
/* End PBXFileReference section */

/* Begin PBXFrameworksBuildPhase section */
		34D03A081E1F98B6005993A8 /* Frameworks */ = {
			isa = PBXFrameworksBuildPhase;
			buildActionMask = 2147483647;
			files = (
			);
			runOnlyForDeploymentPostprocessing = 0;
		};
/* End PBXFrameworksBuildPhase section */

/* Begin PBXGroup section */
		34D03A021E1F98B6005993A8 = {
			isa = PBXGroup;
			children = (
				34D03A0D1E1F98B6005993A8 /* AYYFPSIndicatorDemo */,
				34D03A0C1E1F98B6005993A8 /* Products */,
			);
			sourceTree = "<group>";
		};
		34D03A0C1E1F98B6005993A8 /* Products */ = {
			isa = PBXGroup;
			children = (
				34D03A0B1E1F98B6005993A8 /* AYYFPSIndicatorDemo.app */,
			);
			name = Products;
			sourceTree = "<group>";
		};
		34D03A0D1E1F98B6005993A8 /* AYYFPSIndicatorDemo */ = {
			isa = PBXGroup;
			children = (
				34D03A271E1F9A44005993A8 /* AYYFPSIndicator */,
				34D03A111E1F98B6005993A8 /* AppDelegate.h */,
				34D03A121E1F98B6005993A8 /* AppDelegate.m */,
				34D03A141E1F98B6005993A8 /* ViewController.h */,
				34D03A151E1F98B6005993A8 /* ViewController.m */,
				34D03A4A1E235DD1005993A8 /* AYYSceneCell.h */,
				34D03A4B1E235DD1005993A8 /* AYYSceneCell.m */,
				34D03A171E1F98B6005993A8 /* Main.storyboard */,
				34D03A1A1E1F98B6005993A8 /* Assets.xcassets */,
				34D03A1C1E1F98B6005993A8 /* LaunchScreen.storyboard */,
				34D03A1F1E1F98B6005993A8 /* Info.plist */,
				34D03A2B1E1FA595005993A8 /* Resources */,
				34D03A0E1E1F98B6005993A8 /* Supporting Files */,
			);
			path = AYYFPSIndicatorDemo;
			sourceTree = "<group>";
		};
		34D03A0E1E1F98B6005993A8 /* Supporting Files */ = {
			isa = PBXGroup;
			children = (
				34D03A0F1E1F98B6005993A8 /* main.m */,
			);
			name = "Supporting Files";
			sourceTree = "<group>";
		};
		34D03A271E1F9A44005993A8 /* AYYFPSIndicator */ = {
			isa = PBXGroup;
			children = (
				34D03A281E1F9A44005993A8 /* AYYFPSIndicator.h */,
				34D03A291E1F9A44005993A8 /* AYYFPSIndicator.m */,
			);
			name = AYYFPSIndicator;
			path = ../../AYYFPSIndicator;
			sourceTree = "<group>";
		};
		34D03A2B1E1FA595005993A8 /* Resources */ = {
			isa = PBXGroup;
			children = (
				34D03A3E1E235893005993A8 /* cicle_a.jpeg */,
				34D03A3F1E235893005993A8 /* cicle_b.jpeg */,
				34D03A401E235893005993A8 /* cicle_c.jpeg */,
				34D03A411E235893005993A8 /* cicle_d.jpeg */,
				34D03A421E235893005993A8 /* cicle_e.jpeg */,
				34D03A431E235893005993A8 /* cicle_f.jpeg */,
			);
			path = Resources;
			sourceTree = "<group>";
		};
/* End PBXGroup section */

/* Begin PBXNativeTarget section */
		34D03A0A1E1F98B6005993A8 /* AYYFPSIndicatorDemo */ = {
			isa = PBXNativeTarget;
			buildConfigurationList = 34D03A221E1F98B6005993A8 /* Build configuration list for PBXNativeTarget "AYYFPSIndicatorDemo" */;
			buildPhases = (
				34D03A071E1F98B6005993A8 /* Sources */,
				34D03A081E1F98B6005993A8 /* Frameworks */,
				34D03A091E1F98B6005993A8 /* Resources */,
			);
			buildRules = (
			);
			dependencies = (
			);
			name = AYYFPSIndicatorDemo;
			productName = AYYFPSIndicatorDemo;
			productReference = 34D03A0B1E1F98B6005993A8 /* AYYFPSIndicatorDemo.app */;
			productType = "com.apple.product-type.application";
		};
/* End PBXNativeTarget section */

/* Begin PBXProject section */
		34D03A031E1F98B6005993A8 /* Project object */ = {
			isa = PBXProject;
			attributes = {
				LastUpgradeCheck = 0730;
				ORGANIZATIONNAME = none;
				TargetAttributes = {
					34D03A0A1E1F98B6005993A8 = {
						CreatedOnToolsVersion = 7.3.1;
					};
				};
			};
			buildConfigurationList = 34D03A061E1F98B6005993A8 /* Build configuration list for PBXProject "AYYFPSIndicatorDemo" */;
			compatibilityVersion = "Xcode 3.2";
			developmentRegion = English;
			hasScannedForEncodings = 0;
			knownRegions = (
				en,
				Base,
			);
			mainGroup = 34D03A021E1F98B6005993A8;
			productRefGroup = 34D03A0C1E1F98B6005993A8 /* Products */;
			projectDirPath = "";
			projectRoot = "";
			targets = (
				34D03A0A1E1F98B6005993A8 /* AYYFPSIndicatorDemo */,
			);
		};
/* End PBXProject section */

/* Begin PBXResourcesBuildPhase section */
		34D03A091E1F98B6005993A8 /* Resources */ = {
			isa = PBXResourcesBuildPhase;
			buildActionMask = 2147483647;
			files = (
				34D03A441E235893005993A8 /* cicle_a.jpeg in Resources */,
				34D03A491E235893005993A8 /* cicle_f.jpeg in Resources */,
				34D03A1E1E1F98B6005993A8 /* LaunchScreen.storyboard in Resources */,
				34D03A1B1E1F98B6005993A8 /* Assets.xcassets in Resources */,
				34D03A451E235893005993A8 /* cicle_b.jpeg in Resources */,
				34D03A481E235893005993A8 /* cicle_e.jpeg in Resources */,
				34D03A461E235893005993A8 /* cicle_c.jpeg in Resources */,
				34D03A471E235893005993A8 /* cicle_d.jpeg in Resources */,
				34D03A191E1F98B6005993A8 /* Main.storyboard in Resources */,
			);
			runOnlyForDeploymentPostprocessing = 0;
		};
/* End PBXResourcesBuildPhase section */

/* Begin PBXSourcesBuildPhase section */
		34D03A071E1F98B6005993A8 /* Sources */ = {
			isa = PBXSourcesBuildPhase;
			buildActionMask = 2147483647;
			files = (
				34D03A4C1E235DD1005993A8 /* AYYSceneCell.m in Sources */,
				34D03A161E1F98B6005993A8 /* ViewController.m in Sources */,
				34D03A2A1E1F9A44005993A8 /* AYYFPSIndicator.m in Sources */,
				34D03A131E1F98B6005993A8 /* AppDelegate.m in Sources */,
				34D03A101E1F98B6005993A8 /* main.m in Sources */,
			);
			runOnlyForDeploymentPostprocessing = 0;
		};
/* End PBXSourcesBuildPhase section */

/* Begin PBXVariantGroup section */
		34D03A171E1F98B6005993A8 /* Main.storyboard */ = {
			isa = PBXVariantGroup;
			children = (
				34D03A181E1F98B6005993A8 /* Base */,
			);
			name = Main.storyboard;
			sourceTree = "<group>";
		};
		34D03A1C1E1F98B6005993A8 /* LaunchScreen.storyboard */ = {
			isa = PBXVariantGroup;
			children = (
				34D03A1D1E1F98B6005993A8 /* Base */,
			);
			name = LaunchScreen.storyboard;
			sourceTree = "<group>";
		};
/* End PBXVariantGroup section */

/* Begin XCBuildConfiguration section */
		34D03A201E1F98B6005993A8 /* Debug */ = {
			isa = XCBuildConfiguration;
			buildSettings = {
				ALWAYS_SEARCH_USER_PATHS = NO;
				CLANG_ANALYZER_NONNULL = YES;
				CLANG_CXX_LANGUAGE_STANDARD = "gnu++0x";
				CLANG_CXX_LIBRARY = "libc++";
				CLANG_ENABLE_MODULES = YES;
				CLANG_ENABLE_OBJC_ARC = YES;
				CLANG_WARN_BOOL_CONVERSION = YES;
				CLANG_WARN_CONSTANT_CONVERSION = YES;
				CLANG_WARN_DIRECT_OBJC_ISA_USAGE = YES_ERROR;
				CLANG_WARN_EMPTY_BODY = YES;
				CLANG_WARN_ENUM_CONVERSION = YES;
				CLANG_WARN_INT_CONVERSION = YES;
				CLANG_WARN_OBJC_ROOT_CLASS = YES_ERROR;
				CLANG_WARN_UNREACHABLE_CODE = YES;
				CLANG_WARN__DUPLICATE_METHOD_MATCH = YES;
				"CODE_SIGN_IDENTITY[sdk=iphoneos*]" = "iPhone Developer";
				COPY_PHASE_STRIP = NO;
				DEBUG_INFORMATION_FORMAT = dwarf;
				ENABLE_STRICT_OBJC_MSGSEND = YES;
				ENABLE_TESTABILITY = YES;
				GCC_C_LANGUAGE_STANDARD = gnu99;
				GCC_DYNAMIC_NO_PIC = NO;
				GCC_NO_COMMON_BLOCKS = YES;
				GCC_OPTIMIZATION_LEVEL = 0;
				GCC_PREPROCESSOR_DEFINITIONS = (
					"DEBUG=1",
					"$(inherited)",
				);
				GCC_WARN_64_TO_32_BIT_CONVERSION = YES;
				GCC_WARN_ABOUT_RETURN_TYPE = YES_ERROR;
				GCC_WARN_UNDECLARED_SELECTOR = YES;
				GCC_WARN_UNINITIALIZED_AUTOS = YES_AGGRESSIVE;
				GCC_WARN_UNUSED_FUNCTION = YES;
				GCC_WARN_UNUSED_VARIABLE = YES;
				IPHONEOS_DEPLOYMENT_TARGET = 9.3;
				MTL_ENABLE_DEBUG_INFO = YES;
				ONLY_ACTIVE_ARCH = YES;
				SDKROOT = iphoneos;
				TARGETED_DEVICE_FAMILY = "1,2";
			};
			name = Debug;
		};
		34D03A211E1F98B6005993A8 /* Release */ = {
			isa = XCBuildConfiguration;
			buildSettings = {
				ALWAYS_SEARCH_USER_PATHS = NO;
				CLANG_ANALYZER_NONNULL = YES;
				CLANG_CXX_LANGUAGE_STANDARD = "gnu++0x";
				CLANG_CXX_LIBRARY = "libc++";
				CLANG_ENABLE_MODULES = YES;
				CLANG_ENABLE_OBJC_ARC = YES;
				CLANG_WARN_BOOL_CONVERSION = YES;
				CLANG_WARN_CONSTANT_CONVERSION = YES;
				CLANG_WARN_DIRECT_OBJC_ISA_USAGE = YES_ERROR;
				CLANG_WARN_EMPTY_BODY = YES;
				CLANG_WARN_ENUM_CONVERSION = YES;
				CLANG_WARN_INT_CONVERSION = YES;
				CLANG_WARN_OBJC_ROOT_CLASS = YES_ERROR;
				CLANG_WARN_UNREACHABLE_CODE = YES;
				CLANG_WARN__DUPLICATE_METHOD_MATCH = YES;
				"CODE_SIGN_IDENTITY[sdk=iphoneos*]" = "iPhone Developer";
				COPY_PHASE_STRIP = NO;
				DEBUG_INFORMATION_FORMAT = "dwarf-with-dsym";
				ENABLE_NS_ASSERTIONS = NO;
				ENABLE_STRICT_OBJC_MSGSEND = YES;
				GCC_C_LANGUAGE_STANDARD = gnu99;
				GCC_NO_COMMON_BLOCKS = YES;
				GCC_WARN_64_TO_32_BIT_CONVERSION = YES;
				GCC_WARN_ABOUT_RETURN_TYPE = YES_ERROR;
				GCC_WARN_UNDECLARED_SELECTOR = YES;
				GCC_WARN_UNINITIALIZED_AUTOS = YES_AGGRESSIVE;
				GCC_WARN_UNUSED_FUNCTION = YES;
				GCC_WARN_UNUSED_VARIABLE = YES;
				IPHONEOS_DEPLOYMENT_TARGET = 9.3;
				MTL_ENABLE_DEBUG_INFO = NO;
				SDKROOT = iphoneos;
				TARGETED_DEVICE_FAMILY = "1,2";
				VALIDATE_PRODUCT = YES;
			};
			name = Release;
		};
		34D03A231E1F98B6005993A8 /* Debug */ = {
			isa = XCBuildConfiguration;
			buildSettings = {
				ASSETCATALOG_COMPILER_APPICON_NAME = AppIcon;
				INFOPLIST_FILE = AYYFPSIndicatorDemo/Info.plist;
				IPHONEOS_DEPLOYMENT_TARGET = 7.0;
				LD_RUNPATH_SEARCH_PATHS = "$(inherited) @executable_path/Frameworks";
				PRODUCT_BUNDLE_IDENTIFIER = com.iuu.ayyFPSIndicator.AYYFPSIndicatorDemo;
				PRODUCT_NAME = "$(TARGET_NAME)";
			};
			name = Debug;
		};
		34D03A241E1F98B6005993A8 /* Release */ = {
			isa = XCBuildConfiguration;
			buildSettings = {
				ASSETCATALOG_COMPILER_APPICON_NAME = AppIcon;
				INFOPLIST_FILE = AYYFPSIndicatorDemo/Info.plist;
				IPHONEOS_DEPLOYMENT_TARGET = 7.0;
				LD_RUNPATH_SEARCH_PATHS = "$(inherited) @executable_path/Frameworks";
				PRODUCT_BUNDLE_IDENTIFIER = com.iuu.ayyFPSIndicator.AYYFPSIndicatorDemo;
				PRODUCT_NAME = "$(TARGET_NAME)";
			};
			name = Release;
		};
/* End XCBuildConfiguration section */

/* Begin XCConfigurationList section */
		34D03A061E1F98B6005993A8 /* Build configuration list for PBXProject "AYYFPSIndicatorDemo" */ = {
			isa = XCConfigurationList;
			buildConfigurations = (
				34D03A201E1F98B6005993A8 /* Debug */,
				34D03A211E1F98B6005993A8 /* Release */,
			);
			defaultConfigurationIsVisible = 0;
			defaultConfigurationName = Release;
		};
		34D03A221E1F98B6005993A8 /* Build configuration list for PBXNativeTarget "AYYFPSIndicatorDemo" */ = {
			isa = XCConfigurationList;
			buildConfigurations = (
				34D03A231E1F98B6005993A8 /* Debug */,
				34D03A241E1F98B6005993A8 /* Release */,
			);
			defaultConfigurationIsVisible = 0;
		};
/* End XCConfigurationList section */
	};
	rootObject = 34D03A031E1F98B6005993A8 /* Project object */;
}
